{
  "name": "theseed-skin-buma",
  "version": "1.0.0",
  "lockfileVersion": 1,
  "requires": true,
  "dependencies": {
    "@fortawesome/fontawesome-common-types": {
      "version": "0.2.22",
      "resolved": "https://registry.npmjs.org/@fortawesome/fontawesome-common-types/-/fontawesome-common-types-0.2.22.tgz",
      "integrity": "sha512-QmEuZsipX5/cR9JOg0fsTN4Yr/9lieYWM8AQpmRa0eIfeOcl/HLYoEa366BCGRSrgNJEexuvOgbq9jnJ22IY5g=="
    },
    "@fortawesome/fontawesome-svg-core": {
      "version": "1.2.22",
      "resolved": "https://registry.npmjs.org/@fortawesome/fontawesome-svg-core/-/fontawesome-svg-core-1.2.22.tgz",
      "integrity": "sha512-Q941E4x8UfnMH3308n0qrgoja+GoqyiV846JTLoCcCWAKokLKrixCkq6RDBs8r+TtAWaLUrBpI+JFxQNX/WNPQ==",
      "requires": {
        "@fortawesome/fontawesome-common-types": "^0.2.22"
      }
    },
    "@fortawesome/free-regular-svg-icons": {
      "version": "5.10.2",
      "resolved": "https://registry.npmjs.org/@fortawesome/free-regular-svg-icons/-/free-regular-svg-icons-5.10.2.tgz",
      "integrity": "sha512-Qk4FmwXuRDY5K2GyiKt7adCN204dTlTb0Ps3/JU4BfYoCrU43DResd1QZxfcoQJfV2kw29spZ4+BDL+9IRyj1Q==",
      "requires": {
        "@fortawesome/fontawesome-common-types": "^0.2.22"
      }
    },
    "@fortawesome/free-solid-svg-icons": {
      "version": "5.10.2",
      "resolved": "https://registry.npmjs.org/@fortawesome/free-solid-svg-icons/-/free-solid-svg-icons-5.10.2.tgz",
      "integrity": "sha512-9Os/GRUcy+iVaznlg8GKcPSQFpIQpAg14jF0DWsMdnpJfIftlvfaQCWniR/ex9FoOpSEOrlXqmUCFL+JGeciuA==",
      "requires": {
        "@fortawesome/fontawesome-common-types": "^0.2.22"
      }
    },
    "@fortawesome/vue-fontawesome": {
      "version": "0.1.6",
      "resolved": "https://registry.npmjs.org/@fortawesome/vue-fontawesome/-/vue-fontawesome-0.1.6.tgz",
      "integrity": "sha512-HAGRbrOuGDwwUmCYdpzR0hhNQ3EE30dOS4JiJKcoZ+S4M210CxyU0OXCgzIg3HzK/23rlpHbV8zi9PDDZDnuIw=="
    },
    "buefy": {
      "version": "0.8.2",
      "resolved": "https://registry.npmjs.org/buefy/-/buefy-0.8.2.tgz",
      "integrity": "sha512-fS4sXYE0ge7fN5tP9k67j1fSCS/yxbTrnEhJ5MBt89gcbmVe5x8/SAXdADjx5W4SdERtjKjE9mzoIoRb+ZC29Q==",
      "requires": {
        "bulma": "0.7.5"
      }
    },
    "bulma": {
      "version": "0.7.5",
      "resolved": "https://registry.npmjs.org/bulma/-/bulma-0.7.5.tgz",
      "integrity": "sha512-cX98TIn0I6sKba/DhW0FBjtaDpxTelU166pf7ICXpCCuplHWyu6C9LYZmL5PEsnePIeJaiorsTEzzNk3Tsm1hw=="
    }
  }
}
